
Microsoft Visual Studio Solution File, Format Version 12.00
# Visual Studio Version 17
VisualStudioVersion = 17.0.31903.59
MinimumVisualStudioVersion = 10.0.40219.1
Project("{FAE04EC0-301F-11D3-BF4B-00C04F79EFBC}") = "StringCalculatorKata", "StringCalculatorKata\StringCalculatorKata.csproj", "{B310D93F-4D67-45C7-A91A-04D624326E39}"
EndProject
Project("{FAE04EC0-301F-11D3-BF4B-00C04F79EFBC}") = "StringCalculatorKata.Tests", "StringCalculatorKata.Tests\StringCalculatorKata.Tests.csproj", "{36639E91-0463-499C-A764-7510B4B0153C}"
EndProject
Global
	GlobalSection(SolutionConfigurationPlatforms) = preSolution
		Debug|Any CPU = Debug|Any CPU
		Release|Any CPU = Release|Any CPU
	EndGlobalSection
	GlobalSection(SolutionProperties) = preSolution
		HideSolutionNode = FALSE
	EndGlobalSection
	GlobalSection(ProjectConfigurationPlatforms) = postSolution
		{B310D93F-4D67-45C7-A91A-04D624326E39}.Debug|Any CPU.ActiveCfg = Debug|Any CPU
		{B310D93F-4D67-45C7-A91A-04D624326E39}.Debug|Any CPU.Build.0 = Debug|Any CPU
		{B310D93F-4D67-45C7-A91A-04D624326E39}.Release|Any CPU.ActiveCfg = Release|Any CPU
		{B310D93F-4D67-45C7-A91A-04D624326E39}.Release|Any CPU.Build.0 = Release|Any CPU
		{36639E91-0463-499C-A764-7510B4B0153C}.Debug|Any CPU.ActiveCfg = Debug|Any CPU
		{36639E91-0463-499C-A764-7510B4B0153C}.Debug|Any CPU.Build.0 = Debug|Any CPU
		{36639E91-0463-499C-A764-7510B4B0153C}.Release|Any CPU.ActiveCfg = Release|Any CPU
		{36639E91-0463-499C-A764-7510B4B0153C}.Release|Any CPU.Build.0 = Release|Any CPU
	EndGlobalSection
EndGlobal
